// !$*UTF8*$!
{
	archiveVersion = 1;
	classes = {
	};
	objectVersion = 55;
	objects = {

/* Begin PBXBuildFile section */
		802C59FF272CAF1300501345 /* libkatago.a in Frameworks */ = {isa = PBXBuildFile; fileRef = 802C59FE272CAF1300501345 /* libkatago.a */; };
		80459988272D5B8D00B40C35 /* Types.swift in Sources */ = {isa = PBXBuildFile; fileRef = 80459987272D5B8D00B40C35 /* Types.swift */; };
		804C6F77273D326B007C67E8 /* Triangle.swift in Sources */ = {isa = PBXBuildFile; fileRef = 804C6F76273D326B007C67E8 /* Triangle.swift */; };
		804C6F79273DEA1C007C67E8 /* NewGameView.swift in Sources */ = {isa = PBXBuildFile; fileRef = 804C6F78273DEA1C007C67E8 /* NewGameView.swift */; };
		8075D3BE27302EC500AFE931 /* analysis_example.cfg in Resources */ = {isa = PBXBuildFile; fileRef = 8075D3BD27302EC500AFE931 /* analysis_example.cfg */; };
		80904A032737FBD10032B8EC /* Assets.xcassets in Resources */ = {isa = PBXBuildFile; fileRef = 80CC5943271476C1009A24AC /* Assets.xcassets */; };
		809261DD273BEF2E00CE2903 /* StatusView.swift in Sources */ = {isa = PBXBuildFile; fileRef = 809261DC273BEF2E00CE2903 /* StatusView.swift */; };
		809A307E272CDDDD005A0C45 /* Katagob40.plist in Resources */ = {isa = PBXBuildFile; fileRef = 809A307D272CDDDD005A0C45 /* Katagob40.plist */; };
		80B36AF127361959008FFDB0 /* LandingView.swift in Sources */ = {isa = PBXBuildFile; fileRef = 80B36AF027361959008FFDB0 /* LandingView.swift */; };
		80B36AF3273625B5008FFDB0 /* GameView.swift in Sources */ = {isa = PBXBuildFile; fileRef = 80B36AF2273625B5008FFDB0 /* GameView.swift */; };
		80B36AF62737680C008FFDB0 /* DeviceRotationViewModifier.swift in Sources */ = {isa = PBXBuildFile; fileRef = 80B36AF52737680B008FFDB0 /* DeviceRotationViewModifier.swift */; };
		80B36AF827377126008FFDB0 /* ControlView.swift in Sources */ = {isa = PBXBuildFile; fileRef = 80B36AF727377126008FFDB0 /* ControlView.swift */; };
		80BD07CF272BC01C00A4735C /* Katago.swift in Sources */ = {isa = PBXBuildFile; fileRef = 80BD07CE272BC01C00A4735C /* Katago.swift */; };
		80C0E2F02717D406003377D7 /* Logging in Frameworks */ = {isa = PBXBuildFile; productRef = 80C0E2EF2717D406003377D7 /* Logging */; };
		80CC5940271476BF009A24AC /* KatatrainApp.swift in Sources */ = {isa = PBXBuildFile; fileRef = 80CC593F271476BF009A24AC /* KatatrainApp.swift */; };
		80CC5942271476BF009A24AC /* ContentView.swift in Sources */ = {isa = PBXBuildFile; fileRef = 80CC5941271476BF009A24AC /* ContentView.swift */; };
		80CC5947271476C2009A24AC /* Preview Assets.xcassets in Resources */ = {isa = PBXBuildFile; fileRef = 80CC5946271476C2009A24AC /* Preview Assets.xcassets */; };
		80CC5951271476C2009A24AC /* KatatrainTests.swift in Sources */ = {isa = PBXBuildFile; fileRef = 80CC5950271476C2009A24AC /* KatatrainTests.swift */; };
		80CC595B271476C2009A24AC /* KatatrainUITests.swift in Sources */ = {isa = PBXBuildFile; fileRef = 80CC595A271476C2009A24AC /* KatatrainUITests.swift */; };
		80CC595D271476C2009A24AC /* KatatrainUITestsLaunchTests.swift in Sources */ = {isa = PBXBuildFile; fileRef = 80CC595C271476C2009A24AC /* KatatrainUITestsLaunchTests.swift */; };
		80CC596B27147770009A24AC /* Katagob40.mlmodel in Sources */ = {isa = PBXBuildFile; fileRef = 80CC596A27147770009A24AC /* Katagob40.mlmodel */; };
		80CC597227148E52009A24AC /* Int+NSNumber.swift in Sources */ = {isa = PBXBuildFile; fileRef = 80CC597127148E52009A24AC /* Int+NSNumber.swift */; };
		80CC597427148ECB009A24AC /* NSNumber+Int.swift in Sources */ = {isa = PBXBuildFile; fileRef = 80CC597327148ECB009A24AC /* NSNumber+Int.swift */; };
		80CC597627152807009A24AC /* MLMultiArray+subscript.swift in Sources */ = {isa = PBXBuildFile; fileRef = 80CC597527152807009A24AC /* MLMultiArray+subscript.swift */; };
		80CC59782715316F009A24AC /* String+NSNumber.swift in Sources */ = {isa = PBXBuildFile; fileRef = 80CC59772715316F009A24AC /* String+NSNumber.swift */; };
		80CC597E2715C396009A24AC /* BoardView.swift in Sources */ = {isa = PBXBuildFile; fileRef = 80CC597D2715C396009A24AC /* BoardView.swift */; };
		80CDA17A272113F90097D485 /* libc++.tbd in Frameworks */ = {isa = PBXBuildFile; fileRef = 80CDA179272113F90097D485 /* libc++.tbd */; };
		80CDA17C272114000097D485 /* libz.tbd in Frameworks */ = {isa = PBXBuildFile; fileRef = 80CDA17B272113FF0097D485 /* libz.tbd */; };
		80CDA1842721AF670097D485 /* BoardView+Action.swift in Sources */ = {isa = PBXBuildFile; fileRef = 80CDA1832721AF670097D485 /* BoardView+Action.swift */; };
		80CDA18627221BD10097D485 /* CGPoint+divide.swift in Sources */ = {isa = PBXBuildFile; fileRef = 80CDA18527221BD10097D485 /* CGPoint+divide.swift */; };
		80F7829A2718265900A9090C /* IntArray+NSNumber.swift in Sources */ = {isa = PBXBuildFile; fileRef = 80F782992718265900A9090C /* IntArray+NSNumber.swift */; };
/* End PBXBuildFile section */

/* Begin PBXContainerItemProxy section */
		80CC594D271476C2009A24AC /* PBXContainerItemProxy */ = {
			isa = PBXContainerItemProxy;
			containerPortal = 80CC5934271476BF009A24AC /* Project object */;
			proxyType = 1;
			remoteGlobalIDString = 80CC593B271476BF009A24AC;
			remoteInfo = katatrain;
		};
		80CC5957271476C2009A24AC /* PBXContainerItemProxy */ = {
			isa = PBXContainerItemProxy;
			containerPortal = 80CC5934271476BF009A24AC /* Project object */;
			proxyType = 1;
			remoteGlobalIDString = 80CC593B271476BF009A24AC;
			remoteInfo = katatrain;
		};
/* End PBXContainerItemProxy section */

/* Begin PBXFileReference section */
		802C59FE272CAF1300501345 /* libkatago.a */ = {isa = PBXFileReference; explicitFileType = archive.ar; path = libkatago.a; sourceTree = BUILT_PRODUCTS_DIR; };
		80459987272D5B8D00B40C35 /* Types.swift */ = {isa = PBXFileReference; lastKnownFileType = sourcecode.swift; path = Types.swift; sourceTree = "<group>"; };
		804C6F76273D326B007C67E8 /* Triangle.swift */ = {isa = PBXFileReference; lastKnownFileType = sourcecode.swift; path = Triangle.swift; sourceTree = "<group>"; };
		804C6F78273DEA1C007C67E8 /* NewGameView.swift */ = {isa = PBXFileReference; lastKnownFileType = sourcecode.swift; path = NewGameView.swift; sourceTree = "<group>"; };
		8075D3BD27302EC500AFE931 /* analysis_example.cfg */ = {isa = PBXFileReference; fileEncoding = 4; lastKnownFileType = text; path = analysis_example.cfg; sourceTree = "<group>"; };
		809261DC273BEF2E00CE2903 /* StatusView.swift */ = {isa = PBXFileReference; lastKnownFileType = sourcecode.swift; path = StatusView.swift; sourceTree = "<group>"; };
		809261DE273BF22600CE2903 /* AppDelegate.swift */ = {isa = PBXFileReference; lastKnownFileType = sourcecode.swift; path = AppDelegate.swift; sourceTree = "<group>"; };
		809A307D272CDDDD005A0C45 /* Katagob40.plist */ = {isa = PBXFileReference; fileEncoding = 4; lastKnownFileType = text.plist.xml; path = Katagob40.plist; sourceTree = "<group>"; };
		80B36AF027361959008FFDB0 /* LandingView.swift */ = {isa = PBXFileReference; lastKnownFileType = sourcecode.swift; path = LandingView.swift; sourceTree = "<group>"; };
		80B36AF2273625B5008FFDB0 /* GameView.swift */ = {isa = PBXFileReference; lastKnownFileType = sourcecode.swift; path = GameView.swift; sourceTree = "<group>"; };
		80B36AF52737680B008FFDB0 /* DeviceRotationViewModifier.swift */ = {isa = PBXFileReference; lastKnownFileType = sourcecode.swift; path = DeviceRotationViewModifier.swift; sourceTree = "<group>"; };
		80B36AF727377126008FFDB0 /* ControlView.swift */ = {isa = PBXFileReference; lastKnownFileType = sourcecode.swift; path = ControlView.swift; sourceTree = "<group>"; };
		80BD07CE272BC01C00A4735C /* Katago.swift */ = {isa = PBXFileReference; lastKnownFileType = sourcecode.swift; path = Katago.swift; sourceTree = "<group>"; };
		80CC593C271476BF009A24AC /* katatrain.app */ = {isa = PBXFileReference; explicitFileType = wrapper.application; includeInIndex = 0; path = katatrain.app; sourceTree = BUILT_PRODUCTS_DIR; };
		80CC593F271476BF009A24AC /* KatatrainApp.swift */ = {isa = PBXFileReference; lastKnownFileType = sourcecode.swift; path = KatatrainApp.swift; sourceTree = "<group>"; };
		80CC5941271476BF009A24AC /* ContentView.swift */ = {isa = PBXFileReference; lastKnownFileType = sourcecode.swift; path = ContentView.swift; sourceTree = "<group>"; };
		80CC5943271476C1009A24AC /* Assets.xcassets */ = {isa = PBXFileReference; lastKnownFileType = folder.assetcatalog; path = Assets.xcassets; sourceTree = "<group>"; };
		80CC5946271476C2009A24AC /* Preview Assets.xcassets */ = {isa = PBXFileReference; lastKnownFileType = folder.assetcatalog; path = "Preview Assets.xcassets"; sourceTree = "<group>"; };
		80CC594C271476C2009A24AC /* katatrainTests.xctest */ = {isa = PBXFileReference; explicitFileType = wrapper.cfbundle; includeInIndex = 0; path = katatrainTests.xctest; sourceTree = BUILT_PRODUCTS_DIR; };
		80CC5950271476C2009A24AC /* KatatrainTests.swift */ = {isa = PBXFileReference; lastKnownFileType = sourcecode.swift; path = KatatrainTests.swift; sourceTree = "<group>"; };
		80CC5956271476C2009A24AC /* katatrainUITests.xctest */ = {isa = PBXFileReference; explicitFileType = wrapper.cfbundle; includeInIndex = 0; path = katatrainUITests.xctest; sourceTree = BUILT_PRODUCTS_DIR; };
		80CC595A271476C2009A24AC /* KatatrainUITests.swift */ = {isa = PBXFileReference; lastKnownFileType = sourcecode.swift; path = KatatrainUITests.swift; sourceTree = "<group>"; };
		80CC595C271476C2009A24AC /* KatatrainUITestsLaunchTests.swift */ = {isa = PBXFileReference; lastKnownFileType = sourcecode.swift; path = KatatrainUITestsLaunchTests.swift; sourceTree = "<group>"; };
		80CC596A27147770009A24AC /* Katagob40.mlmodel */ = {isa = PBXFileReference; lastKnownFileType = file.mlmodel; path = Katagob40.mlmodel; sourceTree = "<group>"; };
		80CC597127148E52009A24AC /* Int+NSNumber.swift */ = {isa = PBXFileReference; lastKnownFileType = sourcecode.swift; path = "Int+NSNumber.swift"; sourceTree = "<group>"; };
		80CC597327148ECB009A24AC /* NSNumber+Int.swift */ = {isa = PBXFileReference; lastKnownFileType = sourcecode.swift; path = "NSNumber+Int.swift"; sourceTree = "<group>"; };
		80CC597527152807009A24AC /* MLMultiArray+subscript.swift */ = {isa = PBXFileReference; lastKnownFileType = sourcecode.swift; path = "MLMultiArray+subscript.swift"; sourceTree = "<group>"; };
		80CC59772715316F009A24AC /* String+NSNumber.swift */ = {isa = PBXFileReference; lastKnownFileType = sourcecode.swift; path = "String+NSNumber.swift"; sourceTree = "<group>"; };
		80CC597D2715C396009A24AC /* BoardView.swift */ = {isa = PBXFileReference; lastKnownFileType = sourcecode.swift; path = BoardView.swift; sourceTree = "<group>"; };
		80CD77C12727CD78001414B3 /* Katagob40.json */ = {isa = PBXFileReference; lastKnownFileType = text.json; path = Katagob40.json; sourceTree = "<group>"; };
		80CDA1712721111B0097D485 /* katatrain-Bridging-Header.h */ = {isa = PBXFileReference; lastKnownFileType = sourcecode.c.h; path = "katatrain-Bridging-Header.h"; sourceTree = "<group>"; };
		80CDA179272113F90097D485 /* libc++.tbd */ = {isa = PBXFileReference; lastKnownFileType = "sourcecode.text-based-dylib-definition"; name = "libc++.tbd"; path = "usr/lib/libc++.tbd"; sourceTree = SDKROOT; };
		80CDA17B272113FF0097D485 /* libz.tbd */ = {isa = PBXFileReference; lastKnownFileType = "sourcecode.text-based-dylib-definition"; name = libz.tbd; path = usr/lib/libz.tbd; sourceTree = SDKROOT; };
		80CDA17D272115E70097D485 /* libKatagoObjC.a */ = {isa = PBXFileReference; explicitFileType = archive.ar; path = libKatagoObjC.a; sourceTree = BUILT_PRODUCTS_DIR; };
		80CDA1832721AF670097D485 /* BoardView+Action.swift */ = {isa = PBXFileReference; lastKnownFileType = sourcecode.swift; path = "BoardView+Action.swift"; sourceTree = "<group>"; };
		80CDA18527221BD10097D485 /* CGPoint+divide.swift */ = {isa = PBXFileReference; lastKnownFileType = sourcecode.swift; path = "CGPoint+divide.swift"; sourceTree = "<group>"; };
		80F782992718265900A9090C /* IntArray+NSNumber.swift */ = {isa = PBXFileReference; lastKnownFileType = sourcecode.swift; path = "IntArray+NSNumber.swift"; sourceTree = "<group>"; };
/* End PBXFileReference section */

/* Begin PBXFrameworksBuildPhase section */
		80CC5939271476BF009A24AC /* Frameworks */ = {
			isa = PBXFrameworksBuildPhase;
			buildActionMask = 2147483647;
			files = (
				802C59FF272CAF1300501345 /* libkatago.a in Frameworks */,
				80CDA17C272114000097D485 /* libz.tbd in Frameworks */,
				80CDA17A272113F90097D485 /* libc++.tbd in Frameworks */,
				80C0E2F02717D406003377D7 /* Logging in Frameworks */,
			);
			runOnlyForDeploymentPostprocessing = 0;
		};
		80CC5949271476C2009A24AC /* Frameworks */ = {
			isa = PBXFrameworksBuildPhase;
			buildActionMask = 2147483647;
			files = (
			);
			runOnlyForDeploymentPostprocessing = 0;
		};
		80CC5953271476C2009A24AC /* Frameworks */ = {
			isa = PBXFrameworksBuildPhase;
			buildActionMask = 2147483647;
			files = (
			);
			runOnlyForDeploymentPostprocessing = 0;
		};
/* End PBXFrameworksBuildPhase section */

/* Begin PBXGroup section */
		8075D3BC27302EB500AFE931 /* Configs */ = {
			isa = PBXGroup;
			children = (
				8075D3BD27302EC500AFE931 /* analysis_example.cfg */,
			);
			path = Configs;
			sourceTree = "<group>";
		};
		80B36AF4273767F2008FFDB0 /* Modifiers */ = {
			isa = PBXGroup;
			children = (
				80B36AF52737680B008FFDB0 /* DeviceRotationViewModifier.swift */,
			);
			path = Modifiers;
			sourceTree = "<group>";
		};
		80CC5933271476BF009A24AC = {
			isa = PBXGroup;
			children = (
				80CDA1712721111B0097D485 /* katatrain-Bridging-Header.h */,
				80CC593E271476BF009A24AC /* katatrain */,
				80CC594F271476C2009A24AC /* katatrainTests */,
				80CC5959271476C2009A24AC /* katatrainUITests */,
				80CC593D271476BF009A24AC /* Products */,
				80CDA176272112760097D485 /* Frameworks */,
			);
			sourceTree = "<group>";
		};
		80CC593D271476BF009A24AC /* Products */ = {
			isa = PBXGroup;
			children = (
				80CC593C271476BF009A24AC /* katatrain.app */,
				80CC594C271476C2009A24AC /* katatrainTests.xctest */,
				80CC5956271476C2009A24AC /* katatrainUITests.xctest */,
			);
			name = Products;
			sourceTree = "<group>";
		};
		80CC593E271476BF009A24AC /* katatrain */ = {
			isa = PBXGroup;
			children = (
				8075D3BC27302EB500AFE931 /* Configs */,
				80CC597C2715C33C009A24AC /* Views */,
				80CC597027148E3F009A24AC /* Extensions */,
				80CC596927147753009A24AC /* Models */,
				80CC593F271476BF009A24AC /* KatatrainApp.swift */,
				809261DE273BF22600CE2903 /* AppDelegate.swift */,
				80CC5943271476C1009A24AC /* Assets.xcassets */,
				80CC5945271476C2009A24AC /* Preview Content */,
			);
			path = katatrain;
			sourceTree = "<group>";
		};
		80CC5945271476C2009A24AC /* Preview Content */ = {
			isa = PBXGroup;
			children = (
				80CC5946271476C2009A24AC /* Preview Assets.xcassets */,
			);
			path = "Preview Content";
			sourceTree = "<group>";
		};
		80CC594F271476C2009A24AC /* katatrainTests */ = {
			isa = PBXGroup;
			children = (
				80CC5950271476C2009A24AC /* KatatrainTests.swift */,
			);
			path = katatrainTests;
			sourceTree = "<group>";
		};
		80CC5959271476C2009A24AC /* katatrainUITests */ = {
			isa = PBXGroup;
			children = (
				80CC595A271476C2009A24AC /* KatatrainUITests.swift */,
				80CC595C271476C2009A24AC /* KatatrainUITestsLaunchTests.swift */,
			);
			path = katatrainUITests;
			sourceTree = "<group>";
		};
		80CC596927147753009A24AC /* Models */ = {
			isa = PBXGroup;
			children = (
				80BD07CE272BC01C00A4735C /* Katago.swift */,
				80459987272D5B8D00B40C35 /* Types.swift */,
				809A307D272CDDDD005A0C45 /* Katagob40.plist */,
				80CC596A27147770009A24AC /* Katagob40.mlmodel */,
				80CD77C12727CD78001414B3 /* Katagob40.json */,
			);
			path = Models;
			sourceTree = "<group>";
		};
		80CC597027148E3F009A24AC /* Extensions */ = {
			isa = PBXGroup;
			children = (
				80CC597127148E52009A24AC /* Int+NSNumber.swift */,
				80CC597327148ECB009A24AC /* NSNumber+Int.swift */,
				80CC597527152807009A24AC /* MLMultiArray+subscript.swift */,
				80CC59772715316F009A24AC /* String+NSNumber.swift */,
				80F782992718265900A9090C /* IntArray+NSNumber.swift */,
				80CDA18527221BD10097D485 /* CGPoint+divide.swift */,
			);
			path = Extensions;
			sourceTree = "<group>";
		};
		80CC597C2715C33C009A24AC /* Views */ = {
			isa = PBXGroup;
			children = (
				80B36AF4273767F2008FFDB0 /* Modifiers */,
				80CC5941271476BF009A24AC /* ContentView.swift */,
				80B36AF727377126008FFDB0 /* ControlView.swift */,
				80B36AF027361959008FFDB0 /* LandingView.swift */,
				80B36AF2273625B5008FFDB0 /* GameView.swift */,
				80CC597D2715C396009A24AC /* BoardView.swift */,
				80CDA1832721AF670097D485 /* BoardView+Action.swift */,
				809261DC273BEF2E00CE2903 /* StatusView.swift */,
				804C6F76273D326B007C67E8 /* Triangle.swift */,
				804C6F78273DEA1C007C67E8 /* NewGameView.swift */,
			);
			path = Views;
			sourceTree = "<group>";
		};
		80CDA176272112760097D485 /* Frameworks */ = {
			isa = PBXGroup;
			children = (
				802C59FE272CAF1300501345 /* libkatago.a */,
				80CDA17D272115E70097D485 /* libKatagoObjC.a */,
				80CDA17B272113FF0097D485 /* libz.tbd */,
				80CDA179272113F90097D485 /* libc++.tbd */,
			);
			name = Frameworks;
			sourceTree = "<group>";
		};
/* End PBXGroup section */

/* Begin PBXNativeTarget section */
		80CC593B271476BF009A24AC /* katatrain */ = {
			isa = PBXNativeTarget;
			buildConfigurationList = 80CC5960271476C2009A24AC /* Build configuration list for PBXNativeTarget "katatrain" */;
			buildPhases = (
				80CC597927153325009A24AC /* ShellScript */,
				80CC5938271476BF009A24AC /* Sources */,
				80CC5939271476BF009A24AC /* Frameworks */,
				80CC593A271476BF009A24AC /* Resources */,
			);
			buildRules = (
			);
			dependencies = (
			);
			name = katatrain;
			packageProductDependencies = (
				80C0E2EF2717D406003377D7 /* Logging */,
			);
			productName = katatrain;
			productReference = 80CC593C271476BF009A24AC /* katatrain.app */;
			productType = "com.apple.product-type.application";
		};
		80CC594B271476C2009A24AC /* katatrainTests */ = {
			isa = PBXNativeTarget;
			buildConfigurationList = 80CC5963271476C2009A24AC /* Build configuration list for PBXNativeTarget "katatrainTests" */;
			buildPhases = (
				80CC5948271476C2009A24AC /* Sources */,
				80CC5949271476C2009A24AC /* Frameworks */,
				80CC594A271476C2009A24AC /* Resources */,
			);
			buildRules = (
			);
			dependencies = (
				80CC594E271476C2009A24AC /* PBXTargetDependency */,
			);
			name = katatrainTests;
			productName = katatrainTests;
			productReference = 80CC594C271476C2009A24AC /* katatrainTests.xctest */;
			productType = "com.apple.product-type.bundle.unit-test";
		};
		80CC5955271476C2009A24AC /* katatrainUITests */ = {
			isa = PBXNativeTarget;
			buildConfigurationList = 80CC5966271476C2009A24AC /* Build configuration list for PBXNativeTarget "katatrainUITests" */;
			buildPhases = (
				80CC5952271476C2009A24AC /* Sources */,
				80CC5953271476C2009A24AC /* Frameworks */,
				80CC5954271476C2009A24AC /* Resources */,
			);
			buildRules = (
			);
			dependencies = (
				80CC5958271476C2009A24AC /* PBXTargetDependency */,
			);
			name = katatrainUITests;
			productName = katatrainUITests;
			productReference = 80CC5956271476C2009A24AC /* katatrainUITests.xctest */;
			productType = "com.apple.product-type.bundle.ui-testing";
		};
/* End PBXNativeTarget section */

/* Begin PBXProject section */
		80CC5934271476BF009A24AC /* Project object */ = {
			isa = PBXProject;
			attributes = {
				BuildIndependentTargetsInParallel = 1;
				LastSwiftUpdateCheck = 1300;
				LastUpgradeCheck = 1300;
				TargetAttributes = {
					80CC593B271476BF009A24AC = {
						CreatedOnToolsVersion = 13.0;
						LastSwiftMigration = 1300;
					};
					80CC594B271476C2009A24AC = {
						CreatedOnToolsVersion = 13.0;
						TestTargetID = 80CC593B271476BF009A24AC;
					};
					80CC5955271476C2009A24AC = {
						CreatedOnToolsVersion = 13.0;
						TestTargetID = 80CC593B271476BF009A24AC;
					};
				};
			};
			buildConfigurationList = 80CC5937271476BF009A24AC /* Build configuration list for PBXProject "katatrain" */;
			compatibilityVersion = "Xcode 13.0";
			developmentRegion = en;
			hasScannedForEncodings = 0;
			knownRegions = (
				en,
				Base,
			);
			mainGroup = 80CC5933271476BF009A24AC;
			packageReferences = (
				80C0E2EE2717D406003377D7 /* XCRemoteSwiftPackageReference "swift-log" */,
			);
			productRefGroup = 80CC593D271476BF009A24AC /* Products */;
			projectDirPath = "";
			projectRoot = "";
			targets = (
				80CC593B271476BF009A24AC /* katatrain */,
				80CC594B271476C2009A24AC /* katatrainTests */,
				80CC5955271476C2009A24AC /* katatrainUITests */,
			);
		};
/* End PBXProject section */

/* Begin PBXResourcesBuildPhase section */
		80CC593A271476BF009A24AC /* Resources */ = {
			isa = PBXResourcesBuildPhase;
			buildActionMask = 2147483647;
			files = (
				80904A032737FBD10032B8EC /* Assets.xcassets in Resources */,
				80CC5947271476C2009A24AC /* Preview Assets.xcassets in Resources */,
				8075D3BE27302EC500AFE931 /* analysis_example.cfg in Resources */,
				809A307E272CDDDD005A0C45 /* Katagob40.plist in Resources */,
			);
			runOnlyForDeploymentPostprocessing = 0;
		};
		80CC594A271476C2009A24AC /* Resources */ = {
			isa = PBXResourcesBuildPhase;
			buildActionMask = 2147483647;
			files = (
			);
			runOnlyForDeploymentPostprocessing = 0;
		};
		80CC5954271476C2009A24AC /* Resources */ = {
			isa = PBXResourcesBuildPhase;
			buildActionMask = 2147483647;
			files = (
			);
			runOnlyForDeploymentPostprocessing = 0;
		};
/* End PBXResourcesBuildPhase section */

/* Begin PBXShellScriptBuildPhase section */
		80CC597927153325009A24AC /* ShellScript */ = {
			isa = PBXShellScriptBuildPhase;
			buildActionMask = 2147483647;
			files = (
			);
			inputFileListPaths = (
			);
			inputPaths = (
			);
			outputFileListPaths = (
			);
			outputPaths = (
			);
			runOnlyForDeploymentPostprocessing = 0;
			shellPath = /bin/sh;
			shellScript = "if which swiftlint >/dev/null; then\n  swiftlint autocorrect && swiftlint\nelse\n  echo \"warning: SwiftLint not installed, download from https://github.com/realm/SwiftLint\"\nfi\n";
		};
/* End PBXShellScriptBuildPhase section */

/* Begin PBXSourcesBuildPhase section */
		80CC5938271476BF009A24AC /* Sources */ = {
			isa = PBXSourcesBuildPhase;
			buildActionMask = 2147483647;
			files = (
				80B36AF827377126008FFDB0 /* ControlView.swift in Sources */,
				80CC5942271476BF009A24AC /* ContentView.swift in Sources */,
				80CC597E2715C396009A24AC /* BoardView.swift in Sources */,
				804C6F77273D326B007C67E8 /* Triangle.swift in Sources */,
				80B36AF127361959008FFDB0 /* LandingView.swift in Sources */,
				80CC597427148ECB009A24AC /* NSNumber+Int.swift in Sources */,
				80B36AF3273625B5008FFDB0 /* GameView.swift in Sources */,
				804C6F79273DEA1C007C67E8 /* NewGameView.swift in Sources */,
				80CDA18627221BD10097D485 /* CGPoint+divide.swift in Sources */,
				80CC5940271476BF009A24AC /* KatatrainApp.swift in Sources */,
				80BD07CF272BC01C00A4735C /* Katago.swift in Sources */,
				80CC597627152807009A24AC /* MLMultiArray+subscript.swift in Sources */,
				80F7829A2718265900A9090C /* IntArray+NSNumber.swift in Sources */,
				80B36AF62737680C008FFDB0 /* DeviceRotationViewModifier.swift in Sources */,
				80459988272D5B8D00B40C35 /* Types.swift in Sources */,
				80CDA1842721AF670097D485 /* BoardView+Action.swift in Sources */,
				80CC59782715316F009A24AC /* String+NSNumber.swift in Sources */,
				80CC596B27147770009A24AC /* Katagob40.mlmodel in Sources */,
				80CC597227148E52009A24AC /* Int+NSNumber.swift in Sources */,
				809261DD273BEF2E00CE2903 /* StatusView.swift in Sources */,
			);
			runOnlyForDeploymentPostprocessing = 0;
		};
		80CC5948271476C2009A24AC /* Sources */ = {
			isa = PBXSourcesBuildPhase;
			buildActionMask = 2147483647;
			files = (
				80CC5951271476C2009A24AC /* KatatrainTests.swift in Sources */,
			);
			runOnlyForDeploymentPostprocessing = 0;
		};
		80CC5952271476C2009A24AC /* Sources */ = {
			isa = PBXSourcesBuildPhase;
			buildActionMask = 2147483647;
			files = (
				80CC595D271476C2009A24AC /* KatatrainUITestsLaunchTests.swift in Sources */,
				80CC595B271476C2009A24AC /* KatatrainUITests.swift in Sources */,
			);
			runOnlyForDeploymentPostprocessing = 0;
		};
/* End PBXSourcesBuildPhase section */

/* Begin PBXTargetDependency section */
		80CC594E271476C2009A24AC /* PBXTargetDependency */ = {
			isa = PBXTargetDependency;
			target = 80CC593B271476BF009A24AC /* katatrain */;
			targetProxy = 80CC594D271476C2009A24AC /* PBXContainerItemProxy */;
		};
		80CC5958271476C2009A24AC /* PBXTargetDependency */ = {
			isa = PBXTargetDependency;
			target = 80CC593B271476BF009A24AC /* katatrain */;
			targetProxy = 80CC5957271476C2009A24AC /* PBXContainerItemProxy */;
		};
/* End PBXTargetDependency section */

/* Begin XCBuildConfiguration section */
		80CC595E271476C2009A24AC /* Debug */ = {
			isa = XCBuildConfiguration;
			buildSettings = {
				ALWAYS_SEARCH_USER_PATHS = NO;
				CLANG_ANALYZER_NONNULL = YES;
				CLANG_ANALYZER_NUMBER_OBJECT_CONVERSION = YES_AGGRESSIVE;
				CLANG_CXX_LANGUAGE_STANDARD = "gnu++17";
				CLANG_CXX_LIBRARY = "libc++";
				CLANG_ENABLE_MODULES = YES;
				CLANG_ENABLE_OBJC_ARC = YES;
				CLANG_ENABLE_OBJC_WEAK = YES;
				CLANG_WARN_BLOCK_CAPTURE_AUTORELEASING = YES;
				CLANG_WARN_BOOL_CONVERSION = YES;
				CLANG_WARN_COMMA = YES;
				CLANG_WARN_CONSTANT_CONVERSION = YES;
				CLANG_WARN_DEPRECATED_OBJC_IMPLEMENTATIONS = YES;
				CLANG_WARN_DIRECT_OBJC_ISA_USAGE = YES_ERROR;
				CLANG_WARN_DOCUMENTATION_COMMENTS = YES;
				CLANG_WARN_EMPTY_BODY = YES;
				CLANG_WARN_ENUM_CONVERSION = YES;
				CLANG_WARN_INFINITE_RECURSION = YES;
				CLANG_WARN_INT_CONVERSION = YES;
				CLANG_WARN_NON_LITERAL_NULL_CONVERSION = YES;
				CLANG_WARN_OBJC_IMPLICIT_RETAIN_SELF = YES;
				CLANG_WARN_OBJC_LITERAL_CONVERSION = YES;
				CLANG_WARN_OBJC_ROOT_CLASS = YES_ERROR;
				CLANG_WARN_QUOTED_INCLUDE_IN_FRAMEWORK_HEADER = YES;
				CLANG_WARN_RANGE_LOOP_ANALYSIS = YES;
				CLANG_WARN_STRICT_PROTOTYPES = YES;
				CLANG_WARN_SUSPICIOUS_MOVE = YES;
				CLANG_WARN_UNGUARDED_AVAILABILITY = YES_AGGRESSIVE;
				CLANG_WARN_UNREACHABLE_CODE = YES;
				CLANG_WARN__DUPLICATE_METHOD_MATCH = YES;
				COPY_PHASE_STRIP = NO;
				DEBUG_INFORMATION_FORMAT = dwarf;
				ENABLE_STRICT_OBJC_MSGSEND = YES;
				ENABLE_TESTABILITY = YES;
				GCC_C_LANGUAGE_STANDARD = gnu11;
				GCC_DYNAMIC_NO_PIC = NO;
				GCC_NO_COMMON_BLOCKS = YES;
				GCC_OPTIMIZATION_LEVEL = 0;
				GCC_PREPROCESSOR_DEFINITIONS = (
					"DEBUG=1",
					"$(inherited)",
				);
				GCC_WARN_64_TO_32_BIT_CONVERSION = YES;
				GCC_WARN_ABOUT_RETURN_TYPE = YES_ERROR;
				GCC_WARN_UNDECLARED_SELECTOR = YES;
				GCC_WARN_UNINITIALIZED_AUTOS = YES_AGGRESSIVE;
				GCC_WARN_UNUSED_FUNCTION = YES;
				GCC_WARN_UNUSED_VARIABLE = YES;
				HEADER_SEARCH_PATHS = "$(PROJECT_DIR)/../Katago/cpp/**";
				IPHONEOS_DEPLOYMENT_TARGET = 15.0;
				MTL_ENABLE_DEBUG_INFO = INCLUDE_SOURCE;
				MTL_FAST_MATH = YES;
				ONLY_ACTIVE_ARCH = YES;
				SDKROOT = iphoneos;
				SWIFT_ACTIVE_COMPILATION_CONDITIONS = DEBUG;
				SWIFT_OPTIMIZATION_LEVEL = "-Onone";
			};
			name = Debug;
		};
		80CC595F271476C2009A24AC /* Release */ = {
			isa = XCBuildConfiguration;
			buildSettings = {
				ALWAYS_SEARCH_USER_PATHS = NO;
				CLANG_ANALYZER_NONNULL = YES;
				CLANG_ANALYZER_NUMBER_OBJECT_CONVERSION = YES_AGGRESSIVE;
				CLANG_CXX_LANGUAGE_STANDARD = "gnu++17";
				CLANG_CXX_LIBRARY = "libc++";
				CLANG_ENABLE_MODULES = YES;
				CLANG_ENABLE_OBJC_ARC = YES;
				CLANG_ENABLE_OBJC_WEAK = YES;
				CLANG_WARN_BLOCK_CAPTURE_AUTORELEASING = YES;
				CLANG_WARN_BOOL_CONVERSION = YES;
				CLANG_WARN_COMMA = YES;
				CLANG_WARN_CONSTANT_CONVERSION = YES;
				CLANG_WARN_DEPRECATED_OBJC_IMPLEMENTATIONS = YES;
				CLANG_WARN_DIRECT_OBJC_ISA_USAGE = YES_ERROR;
				CLANG_WARN_DOCUMENTATION_COMMENTS = YES;
				CLANG_WARN_EMPTY_BODY = YES;
				CLANG_WARN_ENUM_CONVERSION = YES;
				CLANG_WARN_INFINITE_RECURSION = YES;
				CLANG_WARN_INT_CONVERSION = YES;
				CLANG_WARN_NON_LITERAL_NULL_CONVERSION = YES;
				CLANG_WARN_OBJC_IMPLICIT_RETAIN_SELF = YES;
				CLANG_WARN_OBJC_LITERAL_CONVERSION = YES;
				CLANG_WARN_OBJC_ROOT_CLASS = YES_ERROR;
				CLANG_WARN_QUOTED_INCLUDE_IN_FRAMEWORK_HEADER = YES;
				CLANG_WARN_RANGE_LOOP_ANALYSIS = YES;
				CLANG_WARN_STRICT_PROTOTYPES = YES;
				CLANG_WARN_SUSPICIOUS_MOVE = YES;
				CLANG_WARN_UNGUARDED_AVAILABILITY = YES_AGGRESSIVE;
				CLANG_WARN_UNREACHABLE_CODE = YES;
				CLANG_WARN__DUPLICATE_METHOD_MATCH = YES;
				COPY_PHASE_STRIP = NO;
				DEBUG_INFORMATION_FORMAT = "dwarf-with-dsym";
				ENABLE_NS_ASSERTIONS = NO;
				ENABLE_STRICT_OBJC_MSGSEND = YES;
				GCC_C_LANGUAGE_STANDARD = gnu11;
				GCC_NO_COMMON_BLOCKS = YES;
				GCC_WARN_64_TO_32_BIT_CONVERSION = YES;
				GCC_WARN_ABOUT_RETURN_TYPE = YES_ERROR;
				GCC_WARN_UNDECLARED_SELECTOR = YES;
				GCC_WARN_UNINITIALIZED_AUTOS = YES_AGGRESSIVE;
				GCC_WARN_UNUSED_FUNCTION = YES;
				GCC_WARN_UNUSED_VARIABLE = YES;
				HEADER_SEARCH_PATHS = "$(PROJECT_DIR)/../Katago/cpp/**";
				IPHONEOS_DEPLOYMENT_TARGET = 15.0;
				MTL_ENABLE_DEBUG_INFO = NO;
				MTL_FAST_MATH = YES;
				SDKROOT = iphoneos;
				SWIFT_COMPILATION_MODE = wholemodule;
				SWIFT_OPTIMIZATION_LEVEL = "-O";
				VALIDATE_PRODUCT = YES;
			};
			name = Release;
		};
		80CC5961271476C2009A24AC /* Debug */ = {
			isa = XCBuildConfiguration;
			buildSettings = {
				ASSETCATALOG_COMPILER_APPICON_NAME = AppIcon;
				ASSETCATALOG_COMPILER_GLOBAL_ACCENT_COLOR_NAME = AccentColor;
				ASSETCATALOG_COMPILER_INCLUDE_ALL_APPICON_ASSETS = YES;
				CLANG_ENABLE_MODULES = YES;
				CODE_SIGN_STYLE = Automatic;
				CURRENT_PROJECT_VERSION = 1;
				DEVELOPMENT_ASSET_PATHS = "\"katatrain/Preview Content\"";
				DEVELOPMENT_TEAM = ZRL24X77U5;
				ENABLE_PREVIEWS = YES;
				GENERATE_INFOPLIST_FILE = YES;
				HEADER_SEARCH_PATHS = "$(PROJECT_DIR)/../Katago/cpp/**";
				INFOPLIST_FILE = katatrain/Info.plist;
				INFOPLIST_KEY_UIApplicationSceneManifest_Generation = YES;
				INFOPLIST_KEY_UIApplicationSupportsIndirectInputEvents = YES;
				INFOPLIST_KEY_UILaunchScreen_Generation = YES;
				INFOPLIST_KEY_UISupportedInterfaceOrientations = UIInterfaceOrientationLandscapeLeft;
				INFOPLIST_KEY_UISupportedInterfaceOrientations_iPad = "UIInterfaceOrientationPortrait UIInterfaceOrientationPortraitUpsideDown UIInterfaceOrientationLandscapeLeft UIInterfaceOrientationLandscapeRight";
				INFOPLIST_KEY_UISupportedInterfaceOrientations_iPhone = "UIInterfaceOrientationPortrait UIInterfaceOrientationLandscapeLeft UIInterfaceOrientationLandscapeRight";
				IPHONEOS_DEPLOYMENT_TARGET = 15.0;
				LD_RUNPATH_SEARCH_PATHS = (
					"$(inherited)",
					"@executable_path/Frameworks",
				);
				MARKETING_VERSION = 1.0;
				PRODUCT_BUNDLE_IDENTIFIER = com.yiming.katatrain;
				PRODUCT_NAME = "$(TARGET_NAME)";
				SWIFT_EMIT_LOC_STRINGS = YES;
				SWIFT_OBJC_BRIDGING_HEADER = "katatrain-Bridging-Header.h";
				SWIFT_OPTIMIZATION_LEVEL = "-Onone";
				SWIFT_VERSION = 5.0;
				TARGETED_DEVICE_FAMILY = "1,2";
			};
			name = Debug;
		};
		80CC5962271476C2009A24AC /* Release */ = {
			isa = XCBuildConfiguration;
			buildSettings = {
				ASSETCATALOG_COMPILER_APPICON_NAME = AppIcon;
				ASSETCATALOG_COMPILER_GLOBAL_ACCENT_COLOR_NAME = AccentColor;
				ASSETCATALOG_COMPILER_INCLUDE_ALL_APPICON_ASSETS = YES;
				CLANG_ENABLE_MODULES = YES;
				CODE_SIGN_STYLE = Automatic;
				CURRENT_PROJECT_VERSION = 1;
				DEVELOPMENT_ASSET_PATHS = "\"katatrain/Preview Content\"";
				DEVELOPMENT_TEAM = ZRL24X77U5;
				ENABLE_PREVIEWS = YES;
				GENERATE_INFOPLIST_FILE = YES;
				HEADER_SEARCH_PATHS = "$(PROJECT_DIR)/../Katago/cpp/**";
				INFOPLIST_FILE = katatrain/Info.plist;
				INFOPLIST_KEY_UIApplicationSceneManifest_Generation = YES;
				INFOPLIST_KEY_UIApplicationSupportsIndirectInputEvents = YES;
				INFOPLIST_KEY_UILaunchScreen_Generation = YES;
				INFOPLIST_KEY_UISupportedInterfaceOrientations = UIInterfaceOrientationLandscapeLeft;
				INFOPLIST_KEY_UISupportedInterfaceOrientations_iPad = "UIInterfaceOrientationPortrait UIInterfaceOrientationPortraitUpsideDown UIInterfaceOrientationLandscapeLeft UIInterfaceOrientationLandscapeRight";
				INFOPLIST_KEY_UISupportedInterfaceOrientations_iPhone = "UIInterfaceOrientationPortrait UIInterfaceOrientationLandscapeLeft UIInterfaceOrientationLandscapeRight";
				IPHONEOS_DEPLOYMENT_TARGET = 15.0;
				LD_RUNPATH_SEARCH_PATHS = (
					"$(inherited)",
					"@executable_path/Frameworks",
				);
				MARKETING_VERSION = 1.0;
				PRODUCT_BUNDLE_IDENTIFIER = com.yiming.katatrain;
				PRODUCT_NAME = "$(TARGET_NAME)";
				SWIFT_EMIT_LOC_STRINGS = YES;
				SWIFT_OBJC_BRIDGING_HEADER = "katatrain-Bridging-Header.h";
				SWIFT_VERSION = 5.0;
				TARGETED_DEVICE_FAMILY = "1,2";
			};
			name = Release;
		};
		80CC5964271476C2009A24AC /* Debug */ = {
			isa = XCBuildConfiguration;
			buildSettings = {
				ALWAYS_EMBED_SWIFT_STANDARD_LIBRARIES = YES;
				BUNDLE_LOADER = "$(TEST_HOST)";
				CODE_SIGN_STYLE = Automatic;
				CURRENT_PROJECT_VERSION = 1;
				DEVELOPMENT_TEAM = ZRL24X77U5;
				GENERATE_INFOPLIST_FILE = YES;
				IPHONEOS_DEPLOYMENT_TARGET = 15.0;
				LD_RUNPATH_SEARCH_PATHS = (
					"$(inherited)",
					"@executable_path/Frameworks",
					"@loader_path/Frameworks",
				);
				MARKETING_VERSION = 1.0;
				PRODUCT_BUNDLE_IDENTIFIER = com.yiming.katatrainTests;
				PRODUCT_NAME = "$(TARGET_NAME)";
				SWIFT_EMIT_LOC_STRINGS = NO;
				SWIFT_VERSION = 5.0;
				TARGETED_DEVICE_FAMILY = "1,2";
				TEST_HOST = "$(BUILT_PRODUCTS_DIR)/katatrain.app/katatrain";
			};
			name = Debug;
		};
		80CC5965271476C2009A24AC /* Release */ = {
			isa = XCBuildConfiguration;
			buildSettings = {
				ALWAYS_EMBED_SWIFT_STANDARD_LIBRARIES = YES;
				BUNDLE_LOADER = "$(TEST_HOST)";
				CODE_SIGN_STYLE = Automatic;
				CURRENT_PROJECT_VERSION = 1;
				DEVELOPMENT_TEAM = ZRL24X77U5;
				GENERATE_INFOPLIST_FILE = YES;
				IPHONEOS_DEPLOYMENT_TARGET = 15.0;
				LD_RUNPATH_SEARCH_PATHS = (
					"$(inherited)",
					"@executable_path/Frameworks",
					"@loader_path/Frameworks",
				);
				MARKETING_VERSION = 1.0;
				PRODUCT_BUNDLE_IDENTIFIER = com.yiming.katatrainTests;
				PRODUCT_NAME = "$(TARGET_NAME)";
				SWIFT_EMIT_LOC_STRINGS = NO;
				SWIFT_VERSION = 5.0;
				TARGETED_DEVICE_FAMILY = "1,2";
				TEST_HOST = "$(BUILT_PRODUCTS_DIR)/katatrain.app/katatrain";
			};
			name = Release;
		};
		80CC5967271476C2009A24AC /* Debug */ = {
			isa = XCBuildConfiguration;
			buildSettings = {
				ALWAYS_EMBED_SWIFT_STANDARD_LIBRARIES = YES;
				CODE_SIGN_STYLE = Automatic;
				CURRENT_PROJECT_VERSION = 1;
				DEVELOPMENT_TEAM = ZRL24X77U5;
				GENERATE_INFOPLIST_FILE = YES;
				LD_RUNPATH_SEARCH_PATHS = (
					"$(inherited)",
					"@executable_path/Frameworks",
					"@loader_path/Frameworks",
				);
				MARKETING_VERSION = 1.0;
				PRODUCT_BUNDLE_IDENTIFIER = com.yiming.katatrainUITests;
				PRODUCT_NAME = "$(TARGET_NAME)";
				SWIFT_EMIT_LOC_STRINGS = NO;
				SWIFT_VERSION = 5.0;
				TARGETED_DEVICE_FAMILY = "1,2";
				TEST_TARGET_NAME = katatrain;
			};
			name = Debug;
		};
		80CC5968271476C2009A24AC /* Release */ = {
			isa = XCBuildConfiguration;
			buildSettings = {
				ALWAYS_EMBED_SWIFT_STANDARD_LIBRARIES = YES;
				CODE_SIGN_STYLE = Automatic;
				CURRENT_PROJECT_VERSION = 1;
				DEVELOPMENT_TEAM = ZRL24X77U5;
				GENERATE_INFOPLIST_FILE = YES;
				LD_RUNPATH_SEARCH_PATHS = (
					"$(inherited)",
					"@executable_path/Frameworks",
					"@loader_path/Frameworks",
				);
				MARKETING_VERSION = 1.0;
				PRODUCT_BUNDLE_IDENTIFIER = com.yiming.katatrainUITests;
				PRODUCT_NAME = "$(TARGET_NAME)";
				SWIFT_EMIT_LOC_STRINGS = NO;
				SWIFT_VERSION = 5.0;
				TARGETED_DEVICE_FAMILY = "1,2";
				TEST_TARGET_NAME = katatrain;
			};
			name = Release;
		};
/* End XCBuildConfiguration section */

/* Begin XCConfigurationList section */
		80CC5937271476BF009A24AC /* Build configuration list for PBXProject "katatrain" */ = {
			isa = XCConfigurationList;
			buildConfigurations = (
				80CC595E271476C2009A24AC /* Debug */,
				80CC595F271476C2009A24AC /* Release */,
			);
			defaultConfigurationIsVisible = 0;
			defaultConfigurationName = Release;
		};
		80CC5960271476C2009A24AC /* Build configuration list for PBXNativeTarget "katatrain" */ = {
			isa = XCConfigurationList;
			buildConfigurations = (
				80CC5961271476C2009A24AC /* Debug */,
				80CC5962271476C2009A24AC /* Release */,
			);
			defaultConfigurationIsVisible = 0;
			defaultConfigurationName = Release;
		};
		80CC5963271476C2009A24AC /* Build configuration list for PBXNativeTarget "katatrainTests" */ = {
			isa = XCConfigurationList;
			buildConfigurations = (
				80CC5964271476C2009A24AC /* Debug */,
				80CC5965271476C2009A24AC /* Release */,
			);
			defaultConfigurationIsVisible = 0;
			defaultConfigurationName = Release;
		};
		80CC5966271476C2009A24AC /* Build configuration list for PBXNativeTarget "katatrainUITests" */ = {
			isa = XCConfigurationList;
			buildConfigurations = (
				80CC5967271476C2009A24AC /* Debug */,
				80CC5968271476C2009A24AC /* Release */,
			);
			defaultConfigurationIsVisible = 0;
			defaultConfigurationName = Release;
		};
/* End XCConfigurationList section */

/* Begin XCRemoteSwiftPackageReference section */
		80C0E2EE2717D406003377D7 /* XCRemoteSwiftPackageReference "swift-log" */ = {
			isa = XCRemoteSwiftPackageReference;
			repositoryURL = "https://github.com/apple/swift-log.git";
			requirement = {
				kind = upToNextMajorVersion;
				minimumVersion = 1.0.0;
			};
		};
/* End XCRemoteSwiftPackageReference section */

/* Begin XCSwiftPackageProductDependency section */
		80C0E2EF2717D406003377D7 /* Logging */ = {
			isa = XCSwiftPackageProductDependency;
			package = 80C0E2EE2717D406003377D7 /* XCRemoteSwiftPackageReference "swift-log" */;
			productName = Logging;
		};
/* End XCSwiftPackageProductDependency section */
	};
	rootObject = 80CC5934271476BF009A24AC /* Project object */;
}
